
Microsoft Visual Studio Solution File, Format Version 12.00
# Visual Studio Version 16
VisualStudioVersion = 16.0.31702.278
MinimumVisualStudioVersion = 10.0.40219.1
Project("{D2ABAB84-BF74-430A-B69E-9DC6D40DDA17}") = "MultidimensionalProject1", "MultidimensionalProject1\MultidimensionalProject1.dwproj", "{D737C5A9-E72E-435E-9977-87B54666227E}"
EndProject
Global
	GlobalSection(SolutionConfigurationPlatforms) = preSolution
		Development|Default = Development|Default
	EndGlobalSection
	GlobalSection(ProjectConfigurationPlatforms) = postSolution
		{D737C5A9-E72E-435E-9977-87B54666227E}.Development|Default.ActiveCfg = Development
		{D737C5A9-E72E-435E-9977-87B54666227E}.Development|Default.Build.0 = Development
		{D737C5A9-E72E-435E-9977-87B54666227E}.Development|Default.Deploy.0 = Development
	EndGlobalSection
	GlobalSection(SolutionProperties) = preSolution
		HideSolutionNode = FALSE
	EndGlobalSection
	GlobalSection(ExtensibilityGlobals) = postSolution
		SolutionGuid = {14E4613F-1C31-42C3-957D-BCFCEF272711}
	EndGlobalSection
EndGlobal
